
Microsoft Visual Studio Solution File, Format Version 12.00
# Visual Studio Version 16
VisualStudioVersion = 16.0.29728.190
MinimumVisualStudioVersion = 10.0.40219.1
Project("{FAE04EC0-301F-11D3-BF4B-00C04F79EFBC}") = "simple-oms", "simple-oms.csproj", "{6234A927-72EA-48C3-B6F3-5B093738A7E6}"
EndProject
Global
	GlobalSection(SolutionConfigurationPlatforms) = preSolution
		Debug|Any CPU = Debug|Any CPU
		Release|Any CPU = Release|Any CPU
	EndGlobalSection
	GlobalSection(ProjectConfigurationPlatforms) = postSolution
		{6234A927-72EA-48C3-B6F3-5B093738A7E6}.Debug|Any CPU.ActiveCfg = Debug|Any CPU
		{6234A927-72EA-48C3-B6F3-5B093738A7E6}.Debug|Any CPU.Build.0 = Debug|Any CPU
		{6234A927-72EA-48C3-B6F3-5B093738A7E6}.Release|Any CPU.ActiveCfg = Release|Any CPU
		{6234A927-72EA-48C3-B6F3-5B093738A7E6}.Release|Any CPU.Build.0 = Release|Any CPU
	EndGlobalSection
	GlobalSection(SolutionProperties) = preSolution
		HideSolutionNode = FALSE
	EndGlobalSection
	GlobalSection(ExtensibilityGlobals) = postSolution
		SolutionGuid = {E3971B05-74F2-4890-ACDE-BDEDF47D2691}
	EndGlobalSection
EndGlobal
